PODS:
  - Expecta (0.4.2)
  - OCMock (3.1.2)
  - Specta (0.5.0)

DEPENDENCIES:
  - Expecta
  - OCMock
  - Specta

SPEC CHECKSUMS:
  Expecta: 78b4e8b0c8291fa4524d7f74016b6065c2e391ec
  OCMock: a10ea9f0a6e921651f96f78b6faee95ebc813b92
  Specta: eb90708ed77569bbda089f8ead10bb99b8e9489e

COCOAPODS: 0.39.0
